// !$*UTF8*$!
{
	archiveVersion = 1;
	classes = {
	};
	objectVersion = 55;
	objects = {

/* Begin PBXBuildFile section */
		B5FBD4A128AB87E9000BA132 /* AppDelegate.m in Sources */ = {isa = PBXBuildFile; fileRef = B5FBD4A028AB87E9000BA132 /* AppDelegate.m */; };
		B5FBD4A428AB87E9000BA132 /* SceneDelegate.m in Sources */ = {isa = PBXBuildFile; fileRef = B5FBD4A328AB87E9000BA132 /* SceneDelegate.m */; };
		B5FBD4AA28AB87E9000BA132 /* Main.storyboard in Resources */ = {isa = PBXBuildFile; fileRef = B5FBD4A828AB87E9000BA132 /* Main.storyboard */; };
		B5FBD4AC28AB87EC000BA132 /* Assets.xcassets in Resources */ = {isa = PBXBuildFile; fileRef = B5FBD4AB28AB87EC000BA132 /* Assets.xcassets */; };
		B5FBD4AF28AB87EC000BA132 /* LaunchScreen.storyboard in Resources */ = {isa = PBXBuildFile; fileRef = B5FBD4AD28AB87EC000BA132 /* LaunchScreen.storyboard */; };
		B5FBD4B228AB87EC000BA132 /* main.m in Sources */ = {isa = PBXBuildFile; fileRef = B5FBD4B128AB87EC000BA132 /* main.m */; };
		B5FBD4BC28AB87ED000BA132 /* Demo5MasterDetailTests.m in Sources */ = {isa = PBXBuildFile; fileRef = B5FBD4BB28AB87ED000BA132 /* Demo5MasterDetailTests.m */; };
		B5FBD4C628AB87ED000BA132 /* Demo5MasterDetailUITests.m in Sources */ = {isa = PBXBuildFile; fileRef = B5FBD4C528AB87ED000BA132 /* Demo5MasterDetailUITests.m */; };
		B5FBD4C828AB87ED000BA132 /* Demo5MasterDetailUITestsLaunchTests.m in Sources */ = {isa = PBXBuildFile; fileRef = B5FBD4C728AB87ED000BA132 /* Demo5MasterDetailUITestsLaunchTests.m */; };
		B5FBD4D628AB88D3000BA132 /* MenuTableViewController.m in Sources */ = {isa = PBXBuildFile; fileRef = B5FBD4D528AB88D3000BA132 /* MenuTableViewController.m */; };
		B5FBD4D928AB8C91000BA132 /* PageViewController.m in Sources */ = {isa = PBXBuildFile; fileRef = B5FBD4D828AB8C91000BA132 /* PageViewController.m */; };
		B5FBD4DC28AB8F6C000BA132 /* ViewController.m in Sources */ = {isa = PBXBuildFile; fileRef = B5FBD4DB28AB8F6C000BA132 /* ViewController.m */; };
/* End PBXBuildFile section */

/* Begin PBXContainerItemProxy section */
		B5FBD4B828AB87ED000BA132 /* PBXContainerItemProxy */ = {
			isa = PBXContainerItemProxy;
			containerPortal = B5FBD49428AB87E8000BA132 /* Project object */;
			proxyType = 1;
			remoteGlobalIDString = B5FBD49B28AB87E9000BA132;
			remoteInfo = Demo5MasterDetail;
		};
		B5FBD4C228AB87ED000BA132 /* PBXContainerItemProxy */ = {
			isa = PBXContainerItemProxy;
			containerPortal = B5FBD49428AB87E8000BA132 /* Project object */;
			proxyType = 1;
			remoteGlobalIDString = B5FBD49B28AB87E9000BA132;
			remoteInfo = Demo5MasterDetail;
		};
/* End PBXContainerItemProxy section */

/* Begin PBXFileReference section */
		B5FBD49C28AB87E9000BA132 /* Demo5MasterDetail.app */ = {isa = PBXFileReference; explicitFileType = wrapper.application; includeInIndex = 0; path = Demo5MasterDetail.app; sourceTree = BUILT_PRODUCTS_DIR; };
		B5FBD49F28AB87E9000BA132 /* AppDelegate.h */ = {isa = PBXFileReference; lastKnownFileType = sourcecode.c.h; path = AppDelegate.h; sourceTree = "<group>"; };
		B5FBD4A028AB87E9000BA132 /* AppDelegate.m */ = {isa = PBXFileReference; lastKnownFileType = sourcecode.c.objc; path = AppDelegate.m; sourceTree = "<group>"; };
		B5FBD4A228AB87E9000BA132 /* SceneDelegate.h */ = {isa = PBXFileReference; lastKnownFileType = sourcecode.c.h; path = SceneDelegate.h; sourceTree = "<group>"; };
		B5FBD4A328AB87E9000BA132 /* SceneDelegate.m */ = {isa = PBXFileReference; lastKnownFileType = sourcecode.c.objc; path = SceneDelegate.m; sourceTree = "<group>"; };
		B5FBD4A928AB87E9000BA132 /* Base */ = {isa = PBXFileReference; lastKnownFileType = file.storyboard; name = Base; path = Base.lproj/Main.storyboard; sourceTree = "<group>"; };
		B5FBD4AB28AB87EC000BA132 /* Assets.xcassets */ = {isa = PBXFileReference; lastKnownFileType = folder.assetcatalog; path = Assets.xcassets; sourceTree = "<group>"; };
		B5FBD4AE28AB87EC000BA132 /* Base */ = {isa = PBXFileReference; lastKnownFileType = file.storyboard; name = Base; path = Base.lproj/LaunchScreen.storyboard; sourceTree = "<group>"; };
		B5FBD4B028AB87EC000BA132 /* Info.plist */ = {isa = PBXFileReference; lastKnownFileType = text.plist.xml; path = Info.plist; sourceTree = "<group>"; };
		B5FBD4B128AB87EC000BA132 /* main.m */ = {isa = PBXFileReference; lastKnownFileType = sourcecode.c.objc; path = main.m; sourceTree = "<group>"; };
		B5FBD4B728AB87ED000BA132 /* Demo5MasterDetailTests.xctest */ = {isa = PBXFileReference; explicitFileType = wrapper.cfbundle; includeInIndex = 0; path = Demo5MasterDetailTests.xctest; sourceTree = BUILT_PRODUCTS_DIR; };
		B5FBD4BB28AB87ED000BA132 /* Demo5MasterDetailTests.m */ = {isa = PBXFileReference; lastKnownFileType = sourcecode.c.objc; path = Demo5MasterDetailTests.m; sourceTree = "<group>"; };
		B5FBD4C128AB87ED000BA132 /* Demo5MasterDetailUITests.xctest */ = {isa = PBXFileReference; explicitFileType = wrapper.cfbundle; includeInIndex = 0; path = Demo5MasterDetailUITests.xctest; sourceTree = BUILT_PRODUCTS_DIR; };
		B5FBD4C528AB87ED000BA132 /* Demo5MasterDetailUITests.m */ = {isa = PBXFileReference; lastKnownFileType = sourcecode.c.objc; path = Demo5MasterDetailUITests.m; sourceTree = "<group>"; };
		B5FBD4C728AB87ED000BA132 /* Demo5MasterDetailUITestsLaunchTests.m */ = {isa = PBXFileReference; lastKnownFileType = sourcecode.c.objc; path = Demo5MasterDetailUITestsLaunchTests.m; sourceTree = "<group>"; };
		B5FBD4D428AB88D3000BA132 /* MenuTableViewController.h */ = {isa = PBXFileReference; lastKnownFileType = sourcecode.c.h; path = MenuTableViewController.h; sourceTree = "<group>"; };
		B5FBD4D528AB88D3000BA132 /* MenuTableViewController.m */ = {isa = PBXFileReference; lastKnownFileType = sourcecode.c.objc; path = MenuTableViewController.m; sourceTree = "<group>"; };
		B5FBD4D728AB8C91000BA132 /* PageViewController.h */ = {isa = PBXFileReference; lastKnownFileType = sourcecode.c.h; path = PageViewController.h; sourceTree = "<group>"; };
		B5FBD4D828AB8C91000BA132 /* PageViewController.m */ = {isa = PBXFileReference; lastKnownFileType = sourcecode.c.objc; path = PageViewController.m; sourceTree = "<group>"; };
		B5FBD4DA28AB8F6C000BA132 /* ViewController.h */ = {isa = PBXFileReference; lastKnownFileType = sourcecode.c.h; path = ViewController.h; sourceTree = "<group>"; };
		B5FBD4DB28AB8F6C000BA132 /* ViewController.m */ = {isa = PBXFileReference; lastKnownFileType = sourcecode.c.objc; path = ViewController.m; sourceTree = "<group>"; };
/* End PBXFileReference section */

/* Begin PBXFrameworksBuildPhase section */
		B5FBD49928AB87E9000BA132 /* Frameworks */ = {
			isa = PBXFrameworksBuildPhase;
			buildActionMask = 2147483647;
			files = (
			);
			runOnlyForDeploymentPostprocessing = 0;
		};
		B5FBD4B428AB87ED000BA132 /* Frameworks */ = {
			isa = PBXFrameworksBuildPhase;
			buildActionMask = 2147483647;
			files = (
			);
			runOnlyForDeploymentPostprocessing = 0;
		};
		B5FBD4BE28AB87ED000BA132 /* Frameworks */ = {
			isa = PBXFrameworksBuildPhase;
			buildActionMask = 2147483647;
			files = (
			);
			runOnlyForDeploymentPostprocessing = 0;
		};
/* End PBXFrameworksBuildPhase section */

/* Begin PBXGroup section */
		B5FBD49328AB87E8000BA132 = {
			isa = PBXGroup;
			children = (
				B5FBD49E28AB87E9000BA132 /* Demo5MasterDetail */,
				B5FBD4BA28AB87ED000BA132 /* Demo5MasterDetailTests */,
				B5FBD4C428AB87ED000BA132 /* Demo5MasterDetailUITests */,
				B5FBD49D28AB87E9000BA132 /* Products */,
			);
			sourceTree = "<group>";
		};
		B5FBD49D28AB87E9000BA132 /* Products */ = {
			isa = PBXGroup;
			children = (
				B5FBD49C28AB87E9000BA132 /* Demo5MasterDetail.app */,
				B5FBD4B728AB87ED000BA132 /* Demo5MasterDetailTests.xctest */,
				B5FBD4C128AB87ED000BA132 /* Demo5MasterDetailUITests.xctest */,
			);
			name = Products;
			sourceTree = "<group>";
		};
		B5FBD49E28AB87E9000BA132 /* Demo5MasterDetail */ = {
			isa = PBXGroup;
			children = (
				B5FBD49F28AB87E9000BA132 /* AppDelegate.h */,
				B5FBD4A028AB87E9000BA132 /* AppDelegate.m */,
				B5FBD4A228AB87E9000BA132 /* SceneDelegate.h */,
				B5FBD4A328AB87E9000BA132 /* SceneDelegate.m */,
				B5FBD4A828AB87E9000BA132 /* Main.storyboard */,
				B5FBD4AB28AB87EC000BA132 /* Assets.xcassets */,
				B5FBD4AD28AB87EC000BA132 /* LaunchScreen.storyboard */,
				B5FBD4B028AB87EC000BA132 /* Info.plist */,
				B5FBD4B128AB87EC000BA132 /* main.m */,
				B5FBD4D428AB88D3000BA132 /* MenuTableViewController.h */,
				B5FBD4D528AB88D3000BA132 /* MenuTableViewController.m */,
				B5FBD4D728AB8C91000BA132 /* PageViewController.h */,
				B5FBD4D828AB8C91000BA132 /* PageViewController.m */,
				B5FBD4DA28AB8F6C000BA132 /* ViewController.h */,
				B5FBD4DB28AB8F6C000BA132 /* ViewController.m */,
			);
			path = Demo5MasterDetail;
			sourceTree = "<group>";
		};
		B5FBD4BA28AB87ED000BA132 /* Demo5MasterDetailTests */ = {
			isa = PBXGroup;
			children = (
				B5FBD4BB28AB87ED000BA132 /* Demo5MasterDetailTests.m */,
			);
			path = Demo5MasterDetailTests;
			sourceTree = "<group>";
		};
		B5FBD4C428AB87ED000BA132 /* Demo5MasterDetailUITests */ = {
			isa = PBXGroup;
			children = (
				B5FBD4C528AB87ED000BA132 /* Demo5MasterDetailUITests.m */,
				B5FBD4C728AB87ED000BA132 /* Demo5MasterDetailUITestsLaunchTests.m */,
			);
			path = Demo5MasterDetailUITests;
			sourceTree = "<group>";
		};
/* End PBXGroup section */

/* Begin PBXNativeTarget section */
		B5FBD49B28AB87E9000BA132 /* Demo5MasterDetail */ = {
			isa = PBXNativeTarget;
			buildConfigurationList = B5FBD4CB28AB87ED000BA132 /* Build configuration list for PBXNativeTarget "Demo5MasterDetail" */;
			buildPhases = (
				B5FBD49828AB87E9000BA132 /* Sources */,
				B5FBD49928AB87E9000BA132 /* Frameworks */,
				B5FBD49A28AB87E9000BA132 /* Resources */,
			);
			buildRules = (
			);
			dependencies = (
			);
			name = Demo5MasterDetail;
			productName = Demo5MasterDetail;
			productReference = B5FBD49C28AB87E9000BA132 /* Demo5MasterDetail.app */;
			productType = "com.apple.product-type.application";
		};
		B5FBD4B628AB87ED000BA132 /* Demo5MasterDetailTests */ = {
			isa = PBXNativeTarget;
			buildConfigurationList = B5FBD4CE28AB87ED000BA132 /* Build configuration list for PBXNativeTarget "Demo5MasterDetailTests" */;
			buildPhases = (
				B5FBD4B328AB87ED000BA132 /* Sources */,
				B5FBD4B428AB87ED000BA132 /* Frameworks */,
				B5FBD4B528AB87ED000BA132 /* Resources */,
			);
			buildRules = (
			);
			dependencies = (
				B5FBD4B928AB87ED000BA132 /* PBXTargetDependency */,
			);
			name = Demo5MasterDetailTests;
			productName = Demo5MasterDetailTests;
			productReference = B5FBD4B728AB87ED000BA132 /* Demo5MasterDetailTests.xctest */;
			productType = "com.apple.product-type.bundle.unit-test";
		};
		B5FBD4C028AB87ED000BA132 /* Demo5MasterDetailUITests */ = {
			isa = PBXNativeTarget;
			buildConfigurationList = B5FBD4D128AB87ED000BA132 /* Build configuration list for PBXNativeTarget "Demo5MasterDetailUITests" */;
			buildPhases = (
				B5FBD4BD28AB87ED000BA132 /* Sources */,
				B5FBD4BE28AB87ED000BA132 /* Frameworks */,
				B5FBD4BF28AB87ED000BA132 /* Resources */,
			);
			buildRules = (
			);
			dependencies = (
				B5FBD4C328AB87ED000BA132 /* PBXTargetDependency */,
			);
			name = Demo5MasterDetailUITests;
			productName = Demo5MasterDetailUITests;
			productReference = B5FBD4C128AB87ED000BA132 /* Demo5MasterDetailUITests.xctest */;
			productType = "com.apple.product-type.bundle.ui-testing";
		};
/* End PBXNativeTarget section */

/* Begin PBXProject section */
		B5FBD49428AB87E8000BA132 /* Project object */ = {
			isa = PBXProject;
			attributes = {
				BuildIndependentTargetsInParallel = 1;
				LastUpgradeCheck = 1340;
				TargetAttributes = {
					B5FBD49B28AB87E9000BA132 = {
						CreatedOnToolsVersion = 13.4.1;
					};
					B5FBD4B628AB87ED000BA132 = {
						CreatedOnToolsVersion = 13.4.1;
						TestTargetID = B5FBD49B28AB87E9000BA132;
					};
					B5FBD4C028AB87ED000BA132 = {
						CreatedOnToolsVersion = 13.4.1;
						TestTargetID = B5FBD49B28AB87E9000BA132;
					};
				};
			};
			buildConfigurationList = B5FBD49728AB87E8000BA132 /* Build configuration list for PBXProject "Demo5MasterDetail" */;
			compatibilityVersion = "Xcode 13.0";
			developmentRegion = en;
			hasScannedForEncodings = 0;
			knownRegions = (
				en,
				Base,
			);
			mainGroup = B5FBD49328AB87E8000BA132;
			productRefGroup = B5FBD49D28AB87E9000BA132 /* Products */;
			projectDirPath = "";
			projectRoot = "";
			targets = (
				B5FBD49B28AB87E9000BA132 /* Demo5MasterDetail */,
				B5FBD4B628AB87ED000BA132 /* Demo5MasterDetailTests */,
				B5FBD4C028AB87ED000BA132 /* Demo5MasterDetailUITests */,
			);
		};
/* End PBXProject section */

/* Begin PBXResourcesBuildPhase section */
		B5FBD49A28AB87E9000BA132 /* Resources */ = {
			isa = PBXResourcesBuildPhase;
			buildActionMask = 2147483647;
			files = (
				B5FBD4AF28AB87EC000BA132 /* LaunchScreen.storyboard in Resources */,
				B5FBD4AC28AB87EC000BA132 /* Assets.xcassets in Resources */,
				B5FBD4AA28AB87E9000BA132 /* Main.storyboard in Resources */,
			);
			runOnlyForDeploymentPostprocessing = 0;
		};
		B5FBD4B528AB87ED000BA132 /* Resources */ = {
			isa = PBXResourcesBuildPhase;
			buildActionMask = 2147483647;
			files = (
			);
			runOnlyForDeploymentPostprocessing = 0;
		};
		B5FBD4BF28AB87ED000BA132 /* Resources */ = {
			isa = PBXResourcesBuildPhase;
			buildActionMask = 2147483647;
			files = (
			);
			runOnlyForDeploymentPostprocessing = 0;
		};
/* End PBXResourcesBuildPhase section */

/* Begin PBXSourcesBuildPhase section */
		B5FBD49828AB87E9000BA132 /* Sources */ = {
			isa = PBXSourcesBuildPhase;
			buildActionMask = 2147483647;
			files = (
				B5FBD4DC28AB8F6C000BA132 /* ViewController.m in Sources */,
				B5FBD4D628AB88D3000BA132 /* MenuTableViewController.m in Sources */,
				B5FBD4A128AB87E9000BA132 /* AppDelegate.m in Sources */,
				B5FBD4B228AB87EC000BA132 /* main.m in Sources */,
				B5FBD4D928AB8C91000BA132 /* PageViewController.m in Sources */,
				B5FBD4A428AB87E9000BA132 /* SceneDelegate.m in Sources */,
			);
			runOnlyForDeploymentPostprocessing = 0;
		};
		B5FBD4B328AB87ED000BA132 /* Sources */ = {
			isa = PBXSourcesBuildPhase;
			buildActionMask = 2147483647;
			files = (
				B5FBD4BC28AB87ED000BA132 /* Demo5MasterDetailTests.m in Sources */,
			);
			runOnlyForDeploymentPostprocessing = 0;
		};
		B5FBD4BD28AB87ED000BA132 /* Sources */ = {
			isa = PBXSourcesBuildPhase;
			buildActionMask = 2147483647;
			files = (
				B5FBD4C828AB87ED000BA132 /* Demo5MasterDetailUITestsLaunchTests.m in Sources */,
				B5FBD4C628AB87ED000BA132 /* Demo5MasterDetailUITests.m in Sources */,
			);
			runOnlyForDeploymentPostprocessing = 0;
		};
/* End PBXSourcesBuildPhase section */

/* Begin PBXTargetDependency section */
		B5FBD4B928AB87ED000BA132 /* PBXTargetDependency */ = {
			isa = PBXTargetDependency;
			target = B5FBD49B28AB87E9000BA132 /* Demo5MasterDetail */;
			targetProxy = B5FBD4B828AB87ED000BA132 /* PBXContainerItemProxy */;
		};
		B5FBD4C328AB87ED000BA132 /* PBXTargetDependency */ = {
			isa = PBXTargetDependency;
			target = B5FBD49B28AB87E9000BA132 /* Demo5MasterDetail */;
			targetProxy = B5FBD4C228AB87ED000BA132 /* PBXContainerItemProxy */;
		};
/* End PBXTargetDependency section */

/* Begin PBXVariantGroup section */
		B5FBD4A828AB87E9000BA132 /* Main.storyboard */ = {
			isa = PBXVariantGroup;
			children = (
				B5FBD4A928AB87E9000BA132 /* Base */,
			);
			name = Main.storyboard;
			sourceTree = "<group>";
		};
		B5FBD4AD28AB87EC000BA132 /* LaunchScreen.storyboard */ = {
			isa = PBXVariantGroup;
			children = (
				B5FBD4AE28AB87EC000BA132 /* Base */,
			);
			name = LaunchScreen.storyboard;
			sourceTree = "<group>";
		};
/* End PBXVariantGroup section */

/* Begin XCBuildConfiguration section */
		B5FBD4C928AB87ED000BA132 /* Debug */ = {
			isa = XCBuildConfiguration;
			buildSettings = {
				ALWAYS_SEARCH_USER_PATHS = NO;
				CLANG_ANALYZER_NONNULL = YES;
				CLANG_ANALYZER_NUMBER_OBJECT_CONVERSION = YES_AGGRESSIVE;
				CLANG_CXX_LANGUAGE_STANDARD = "gnu++17";
				CLANG_ENABLE_MODULES = YES;
				CLANG_ENABLE_OBJC_ARC = YES;
				CLANG_ENABLE_OBJC_WEAK = YES;
				CLANG_WARN_BLOCK_CAPTURE_AUTORELEASING = YES;
				CLANG_WARN_BOOL_CONVERSION = YES;
				CLANG_WARN_COMMA = YES;
				CLANG_WARN_CONSTANT_CONVERSION = YES;
				CLANG_WARN_DEPRECATED_OBJC_IMPLEMENTATIONS = YES;
				CLANG_WARN_DIRECT_OBJC_ISA_USAGE = YES_ERROR;
				CLANG_WARN_DOCUMENTATION_COMMENTS = YES;
				CLANG_WARN_EMPTY_BODY = YES;
				CLANG_WARN_ENUM_CONVERSION = YES;
				CLANG_WARN_INFINITE_RECURSION = YES;
				CLANG_WARN_INT_CONVERSION = YES;
				CLANG_WARN_NON_LITERAL_NULL_CONVERSION = YES;
				CLANG_WARN_OBJC_IMPLICIT_RETAIN_SELF = YES;
				CLANG_WARN_OBJC_LITERAL_CONVERSION = YES;
				CLANG_WARN_OBJC_ROOT_CLASS = YES_ERROR;
				CLANG_WARN_QUOTED_INCLUDE_IN_FRAMEWORK_HEADER = YES;
				CLANG_WARN_RANGE_LOOP_ANALYSIS = YES;
				CLANG_WARN_STRICT_PROTOTYPES = YES;
				CLANG_WARN_SUSPICIOUS_MOVE = YES;
				CLANG_WARN_UNGUARDED_AVAILABILITY = YES_AGGRESSIVE;
				CLANG_WARN_UNREACHABLE_CODE = YES;
				CLANG_WARN__DUPLICATE_METHOD_MATCH = YES;
				COPY_PHASE_STRIP = NO;
				DEBUG_INFORMATION_FORMAT = dwarf;
				ENABLE_STRICT_OBJC_MSGSEND = YES;
				ENABLE_TESTABILITY = YES;
				GCC_C_LANGUAGE_STANDARD = gnu11;
				GCC_DYNAMIC_NO_PIC = NO;
				GCC_NO_COMMON_BLOCKS = YES;
				GCC_OPTIMIZATION_LEVEL = 0;
				GCC_PREPROCESSOR_DEFINITIONS = (
					"DEBUG=1",
					"$(inherited)",
				);
				GCC_WARN_64_TO_32_BIT_CONVERSION = YES;
				GCC_WARN_ABOUT_RETURN_TYPE = YES_ERROR;
				GCC_WARN_UNDECLARED_SELECTOR = YES;
				GCC_WARN_UNINITIALIZED_AUTOS = YES_AGGRESSIVE;
				GCC_WARN_UNUSED_FUNCTION = YES;
				GCC_WARN_UNUSED_VARIABLE = YES;
				IPHONEOS_DEPLOYMENT_TARGET = 15.5;
				MTL_ENABLE_DEBUG_INFO = INCLUDE_SOURCE;
				MTL_FAST_MATH = YES;
				ONLY_ACTIVE_ARCH = YES;
				SDKROOT = iphoneos;
			};
			name = Debug;
		};
		B5FBD4CA28AB87ED000BA132 /* Release */ = {
			isa = XCBuildConfiguration;
			buildSettings = {
				ALWAYS_SEARCH_USER_PATHS = NO;
				CLANG_ANALYZER_NONNULL = YES;
				CLANG_ANALYZER_NUMBER_OBJECT_CONVERSION = YES_AGGRESSIVE;
				CLANG_CXX_LANGUAGE_STANDARD = "gnu++17";
				CLANG_ENABLE_MODULES = YES;
				CLANG_ENABLE_OBJC_ARC = YES;
				CLANG_ENABLE_OBJC_WEAK = YES;
				CLANG_WARN_BLOCK_CAPTURE_AUTORELEASING = YES;
				CLANG_WARN_BOOL_CONVERSION = YES;
				CLANG_WARN_COMMA = YES;
				CLANG_WARN_CONSTANT_CONVERSION = YES;
				CLANG_WARN_DEPRECATED_OBJC_IMPLEMENTATIONS = YES;
				CLANG_WARN_DIRECT_OBJC_ISA_USAGE = YES_ERROR;
				CLANG_WARN_DOCUMENTATION_COMMENTS = YES;
				CLANG_WARN_EMPTY_BODY = YES;
				CLANG_WARN_ENUM_CONVERSION = YES;
				CLANG_WARN_INFINITE_RECURSION = YES;
				CLANG_WARN_INT_CONVERSION = YES;
				CLANG_WARN_NON_LITERAL_NULL_CONVERSION = YES;
				CLANG_WARN_OBJC_IMPLICIT_RETAIN_SELF = YES;
				CLANG_WARN_OBJC_LITERAL_CONVERSION = YES;
				CLANG_WARN_OBJC_ROOT_CLASS = YES_ERROR;
				CLANG_WARN_QUOTED_INCLUDE_IN_FRAMEWORK_HEADER = YES;
				CLANG_WARN_RANGE_LOOP_ANALYSIS = YES;
				CLANG_WARN_STRICT_PROTOTYPES = YES;
				CLANG_WARN_SUSPICIOUS_MOVE = YES;
				CLANG_WARN_UNGUARDED_AVAILABILITY = YES_AGGRESSIVE;
				CLANG_WARN_UNREACHABLE_CODE = YES;
				CLANG_WARN__DUPLICATE_METHOD_MATCH = YES;
				COPY_PHASE_STRIP = NO;
				DEBUG_INFORMATION_FORMAT = "dwarf-with-dsym";
				ENABLE_NS_ASSERTIONS = NO;
				ENABLE_STRICT_OBJC_MSGSEND = YES;
				GCC_C_LANGUAGE_STANDARD = gnu11;
				GCC_NO_COMMON_BLOCKS = YES;
				GCC_WARN_64_TO_32_BIT_CONVERSION = YES;
				GCC_WARN_ABOUT_RETURN_TYPE = YES_ERROR;
				GCC_WARN_UNDECLARED_SELECTOR = YES;
				GCC_WARN_UNINITIALIZED_AUTOS = YES_AGGRESSIVE;
				GCC_WARN_UNUSED_FUNCTION = YES;
				GCC_WARN_UNUSED_VARIABLE = YES;
				IPHONEOS_DEPLOYMENT_TARGET = 15.5;
				MTL_ENABLE_DEBUG_INFO = NO;
				MTL_FAST_MATH = YES;
				SDKROOT = iphoneos;
				VALIDATE_PRODUCT = YES;
			};
			name = Release;
		};
		B5FBD4CC28AB87ED000BA132 /* Debug */ = {
			isa = XCBuildConfiguration;
			buildSettings = {
				ASSETCATALOG_COMPILER_APPICON_NAME = AppIcon;
				ASSETCATALOG_COMPILER_GLOBAL_ACCENT_COLOR_NAME = AccentColor;
				CODE_SIGN_STYLE = Automatic;
				CURRENT_PROJECT_VERSION = 1;
				GENERATE_INFOPLIST_FILE = YES;
				INFOPLIST_FILE = Demo5MasterDetail/Info.plist;
				INFOPLIST_KEY_CFBundleDisplayName = Demo5MasterDetailAndPageView;
				INFOPLIST_KEY_UIApplicationSupportsIndirectInputEvents = YES;
				INFOPLIST_KEY_UILaunchStoryboardName = LaunchScreen;
				INFOPLIST_KEY_UIMainStoryboardFile = Main;
				INFOPLIST_KEY_UISupportedInterfaceOrientations_iPad = "UIInterfaceOrientationPortrait UIInterfaceOrientationPortraitUpsideDown UIInterfaceOrientationLandscapeLeft UIInterfaceOrientationLandscapeRight";
				INFOPLIST_KEY_UISupportedInterfaceOrientations_iPhone = "UIInterfaceOrientationPortrait UIInterfaceOrientationLandscapeLeft UIInterfaceOrientationLandscapeRight";
				LD_RUNPATH_SEARCH_PATHS = (
					"$(inherited)",
					"@executable_path/Frameworks",
				);
				MARKETING_VERSION = 1.0;
				PRODUCT_BUNDLE_IDENTIFIER = demo.Demo5MasterDetailAndPageView;
				PRODUCT_NAME = "$(TARGET_NAME)";
				SWIFT_EMIT_LOC_STRINGS = YES;
				TARGETED_DEVICE_FAMILY = "1,2";
			};
			name = Debug;
		};
		B5FBD4CD28AB87ED000BA132 /* Release */ = {
			isa = XCBuildConfiguration;
			buildSettings = {
				ASSETCATALOG_COMPILER_APPICON_NAME = AppIcon;
				ASSETCATALOG_COMPILER_GLOBAL_ACCENT_COLOR_NAME = AccentColor;
				CODE_SIGN_STYLE = Automatic;
				CURRENT_PROJECT_VERSION = 1;
				GENERATE_INFOPLIST_FILE = YES;
				INFOPLIST_FILE = Demo5MasterDetail/Info.plist;
				INFOPLIST_KEY_CFBundleDisplayName = Demo5MasterDetailAndPageView;
				INFOPLIST_KEY_UIApplicationSupportsIndirectInputEvents = YES;
				INFOPLIST_KEY_UILaunchStoryboardName = LaunchScreen;
				INFOPLIST_KEY_UIMainStoryboardFile = Main;
				INFOPLIST_KEY_UISupportedInterfaceOrientations_iPad = "UIInterfaceOrientationPortrait UIInterfaceOrientationPortraitUpsideDown UIInterfaceOrientationLandscapeLeft UIInterfaceOrientationLandscapeRight";
				INFOPLIST_KEY_UISupportedInterfaceOrientations_iPhone = "UIInterfaceOrientationPortrait UIInterfaceOrientationLandscapeLeft UIInterfaceOrientationLandscapeRight";
				LD_RUNPATH_SEARCH_PATHS = (
					"$(inherited)",
					"@executable_path/Frameworks",
				);
				MARKETING_VERSION = 1.0;
				PRODUCT_BUNDLE_IDENTIFIER = demo.Demo5MasterDetailAndPageView;
				PRODUCT_NAME = "$(TARGET_NAME)";
				SWIFT_EMIT_LOC_STRINGS = YES;
				TARGETED_DEVICE_FAMILY = "1,2";
			};
			name = Release;
		};
		B5FBD4CF28AB87ED000BA132 /* Debug */ = {
			isa = XCBuildConfiguration;
			buildSettings = {
				BUNDLE_LOADER = "$(TEST_HOST)";
				CODE_SIGN_STYLE = Automatic;
				CURRENT_PROJECT_VERSION = 1;
				GENERATE_INFOPLIST_FILE = YES;
				IPHONEOS_DEPLOYMENT_TARGET = 15.5;
				MARKETING_VERSION = 1.0;
				PRODUCT_BUNDLE_IDENTIFIER = demo.Demo5MasterDetailTests;
				PRODUCT_NAME = "$(TARGET_NAME)";
				SWIFT_EMIT_LOC_STRINGS = NO;
				TARGETED_DEVICE_FAMILY = "1,2";
				TEST_HOST = "$(BUILT_PRODUCTS_DIR)/Demo5MasterDetail.app/Demo5MasterDetail";
			};
			name = Debug;
		};
		B5FBD4D028AB87ED000BA132 /* Release */ = {
			isa = XCBuildConfiguration;
			buildSettings = {
				BUNDLE_LOADER = "$(TEST_HOST)";
				CODE_SIGN_STYLE = Automatic;
				CURRENT_PROJECT_VERSION = 1;
				GENERATE_INFOPLIST_FILE = YES;
				IPHONEOS_DEPLOYMENT_TARGET = 15.5;
				MARKETING_VERSION = 1.0;
				PRODUCT_BUNDLE_IDENTIFIER = demo.Demo5MasterDetailTests;
				PRODUCT_NAME = "$(TARGET_NAME)";
				SWIFT_EMIT_LOC_STRINGS = NO;
				TARGETED_DEVICE_FAMILY = "1,2";
				TEST_HOST = "$(BUILT_PRODUCTS_DIR)/Demo5MasterDetail.app/Demo5MasterDetail";
			};
			name = Release;
		};
		B5FBD4D228AB87ED000BA132 /* Debug */ = {
			isa = XCBuildConfiguration;
			buildSettings = {
				CODE_SIGN_STYLE = Automatic;
				CURRENT_PROJECT_VERSION = 1;
				GENERATE_INFOPLIST_FILE = YES;
				MARKETING_VERSION = 1.0;
				PRODUCT_BUNDLE_IDENTIFIER = demo.Demo5MasterDetailUITests;
				PRODUCT_NAME = "$(TARGET_NAME)";
				SWIFT_EMIT_LOC_STRINGS = NO;
				TARGETED_DEVICE_FAMILY = "1,2";
				TEST_TARGET_NAME = Demo5MasterDetail;
			};
			name = Debug;
		};
		B5FBD4D328AB87ED000BA132 /* Release */ = {
			isa = XCBuildConfiguration;
			buildSettings = {
				CODE_SIGN_STYLE = Automatic;
				CURRENT_PROJECT_VERSION = 1;
				GENERATE_INFOPLIST_FILE = YES;
				MARKETING_VERSION = 1.0;
				PRODUCT_BUNDLE_IDENTIFIER = demo.Demo5MasterDetailUITests;
				PRODUCT_NAME = "$(TARGET_NAME)";
				SWIFT_EMIT_LOC_STRINGS = NO;
				TARGETED_DEVICE_FAMILY = "1,2";
				TEST_TARGET_NAME = Demo5MasterDetail;
			};
			name = Release;
		};
/* End XCBuildConfiguration section */

/* Begin XCConfigurationList section */
		B5FBD49728AB87E8000BA132 /* Build configuration list for PBXProject "Demo5MasterDetail" */ = {
			isa = XCConfigurationList;
			buildConfigurations = (
				B5FBD4C928AB87ED000BA132 /* Debug */,
				B5FBD4CA28AB87ED000BA132 /* Release */,
			);
			defaultConfigurationIsVisible = 0;
			defaultConfigurationName = Release;
		};
		B5FBD4CB28AB87ED000BA132 /* Build configuration list for PBXNativeTarget "Demo5MasterDetail" */ = {
			isa = XCConfigurationList;
			buildConfigurations = (
				B5FBD4CC28AB87ED000BA132 /* Debug */,
				B5FBD4CD28AB87ED000BA132 /* Release */,
			);
			defaultConfigurationIsVisible = 0;
			defaultConfigurationName = Release;
		};
		B5FBD4CE28AB87ED000BA132 /* Build configuration list for PBXNativeTarget "Demo5MasterDetailTests" */ = {
			isa = XCConfigurationList;
			buildConfigurations = (
				B5FBD4CF28AB87ED000BA132 /* Debug */,
				B5FBD4D028AB87ED000BA132 /* Release */,
			);
			defaultConfigurationIsVisible = 0;
			defaultConfigurationName = Release;
		};
		B5FBD4D128AB87ED000BA132 /* Build configuration list for PBXNativeTarget "Demo5MasterDetailUITests" */ = {
			isa = XCConfigurationList;
			buildConfigurations = (
				B5FBD4D228AB87ED000BA132 /* Debug */,
				B5FBD4D328AB87ED000BA132 /* Release */,
			);
			defaultConfigurationIsVisible = 0;
			defaultConfigurationName = Release;
		};
/* End XCConfigurationList section */
	};
	rootObject = B5FBD49428AB87E8000BA132 /* Project object */;
}
